
Microsoft Visual Studio Solution File, Format Version 12.00
# Visual Studio Version 17
VisualStudioVersion = 17.3.32929.385
MinimumVisualStudioVersion = 10.0.40219.1
Project("{9A19103F-16F7-4668-BE54-9A1E7A4F7556}") = "MessagesGenerator", "MessagesGenerator\MessagesGenerator.csproj", "{638CBF26-BCB9-4CF6-9710-A9D3700117DF}"
EndProject
Project("{9A19103F-16F7-4668-BE54-9A1E7A4F7556}") = "MessagesHandler", "MessagesHandler\MessagesHandler.csproj", "{1C05F402-D260-45DA-8EBE-4AECBA643AD1}"
EndProject
Project("{FAE04EC0-301F-11D3-BF4B-00C04F79EFBC}") = "SharedLibrary", "SharedLibrary\SharedLibrary.csproj", "{1B7E750D-F5F1-4992-87F1-CBCF0E67097E}"
EndProject
Global
	GlobalSection(SolutionConfigurationPlatforms) = preSolution
		Debug|Any CPU = Debug|Any CPU
		Release|Any CPU = Release|Any CPU
	EndGlobalSection
	GlobalSection(ProjectConfigurationPlatforms) = postSolution
		{638CBF26-BCB9-4CF6-9710-A9D3700117DF}.Debug|Any CPU.ActiveCfg = Debug|Any CPU
		{638CBF26-BCB9-4CF6-9710-A9D3700117DF}.Debug|Any CPU.Build.0 = Debug|Any CPU
		{638CBF26-BCB9-4CF6-9710-A9D3700117DF}.Release|Any CPU.ActiveCfg = Release|Any CPU
		{638CBF26-BCB9-4CF6-9710-A9D3700117DF}.Release|Any CPU.Build.0 = Release|Any CPU
		{1C05F402-D260-45DA-8EBE-4AECBA643AD1}.Debug|Any CPU.ActiveCfg = Debug|Any CPU
		{1C05F402-D260-45DA-8EBE-4AECBA643AD1}.Debug|Any CPU.Build.0 = Debug|Any CPU
		{1C05F402-D260-45DA-8EBE-4AECBA643AD1}.Release|Any CPU.ActiveCfg = Release|Any CPU
		{1C05F402-D260-45DA-8EBE-4AECBA643AD1}.Release|Any CPU.Build.0 = Release|Any CPU
		{1B7E750D-F5F1-4992-87F1-CBCF0E67097E}.Debug|Any CPU.ActiveCfg = Debug|Any CPU
		{1B7E750D-F5F1-4992-87F1-CBCF0E67097E}.Debug|Any CPU.Build.0 = Debug|Any CPU
		{1B7E750D-F5F1-4992-87F1-CBCF0E67097E}.Release|Any CPU.ActiveCfg = Release|Any CPU
		{1B7E750D-F5F1-4992-87F1-CBCF0E67097E}.Release|Any CPU.Build.0 = Release|Any CPU
	EndGlobalSection
	GlobalSection(SolutionProperties) = preSolution
		HideSolutionNode = FALSE
	EndGlobalSection
	GlobalSection(ExtensibilityGlobals) = postSolution
		SolutionGuid = {F459152C-9FAB-4F4D-A8F0-5CED704B0F77}
	EndGlobalSection
EndGlobal
